
Microsoft Visual Studio Solution File, Format Version 12.00
# Visual Studio Version 16
VisualStudioVersion = 16.0.32428.249
MinimumVisualStudioVersion = 10.0.40219.1
Project("{FAE04EC0-301F-11D3-BF4B-00C04F79EFBC}") = "TestEhSender", "TestEhSender\TestEhSender.csproj", "{B0822EF1-CC5A-4A9F-AF3B-8241377F5149}"
EndProject
Global
	GlobalSection(SolutionConfigurationPlatforms) = preSolution
		Debug|Any CPU = Debug|Any CPU
		Release|Any CPU = Release|Any CPU
	EndGlobalSection
	GlobalSection(ProjectConfigurationPlatforms) = postSolution
		{B0822EF1-CC5A-4A9F-AF3B-8241377F5149}.Debug|Any CPU.ActiveCfg = Debug|Any CPU
		{B0822EF1-CC5A-4A9F-AF3B-8241377F5149}.Debug|Any CPU.Build.0 = Debug|Any CPU
		{B0822EF1-CC5A-4A9F-AF3B-8241377F5149}.Release|Any CPU.ActiveCfg = Release|Any CPU
		{B0822EF1-CC5A-4A9F-AF3B-8241377F5149}.Release|Any CPU.Build.0 = Release|Any CPU
	EndGlobalSection
	GlobalSection(SolutionProperties) = preSolution
		HideSolutionNode = FALSE
	EndGlobalSection
	GlobalSection(ExtensibilityGlobals) = postSolution
		SolutionGuid = {FE41F4DB-C34A-4434-88B2-4F1F1EE380F6}
	EndGlobalSection
EndGlobal
